
Microsoft Visual Studio Solution File, Format Version 12.00
# Visual Studio Version 16
VisualStudioVersion = 16.0.29920.165
MinimumVisualStudioVersion = 10.0.40219.1
Project("{FAE04EC0-301F-11D3-BF4B-00C04F79EFBC}") = "c koodia", "c koodia\c koodia.csproj", "{0505D7B5-AB4B-4FEB-9F67-529E522168C4}"
EndProject
Global
	GlobalSection(SolutionConfigurationPlatforms) = preSolution
		Debug|Any CPU = Debug|Any CPU
		Release|Any CPU = Release|Any CPU
	EndGlobalSection
	GlobalSection(ProjectConfigurationPlatforms) = postSolution
		{0505D7B5-AB4B-4FEB-9F67-529E522168C4}.Debug|Any CPU.ActiveCfg = Debug|Any CPU
		{0505D7B5-AB4B-4FEB-9F67-529E522168C4}.Debug|Any CPU.Build.0 = Debug|Any CPU
		{0505D7B5-AB4B-4FEB-9F67-529E522168C4}.Release|Any CPU.ActiveCfg = Release|Any CPU
		{0505D7B5-AB4B-4FEB-9F67-529E522168C4}.Release|Any CPU.Build.0 = Release|Any CPU
	EndGlobalSection
	GlobalSection(SolutionProperties) = preSolution
		HideSolutionNode = FALSE
	EndGlobalSection
	GlobalSection(ExtensibilityGlobals) = postSolution
		SolutionGuid = {3B739447-5BE8-4188-950C-2B3818C1AE0E}
	EndGlobalSection
EndGlobal
