
Microsoft Visual Studio Solution File, Format Version 12.00
# Visual Studio Version 16
VisualStudioVersion = 16.0.30717.126
MinimumVisualStudioVersion = 10.0.40219.1
Project("{FAE04EC0-301F-11D3-BF4B-00C04F79EFBC}") = "snakes and ladders peli", "snakes and ladders peli\snakes and ladders peli.csproj", "{2C436D75-CC21-472C-B3FD-43CEAB93BAE6}"
EndProject
Global
	GlobalSection(SolutionConfigurationPlatforms) = preSolution
		Debug|Any CPU = Debug|Any CPU
		Release|Any CPU = Release|Any CPU
	EndGlobalSection
	GlobalSection(ProjectConfigurationPlatforms) = postSolution
		{2C436D75-CC21-472C-B3FD-43CEAB93BAE6}.Debug|Any CPU.ActiveCfg = Debug|Any CPU
		{2C436D75-CC21-472C-B3FD-43CEAB93BAE6}.Debug|Any CPU.Build.0 = Debug|Any CPU
		{2C436D75-CC21-472C-B3FD-43CEAB93BAE6}.Release|Any CPU.ActiveCfg = Release|Any CPU
		{2C436D75-CC21-472C-B3FD-43CEAB93BAE6}.Release|Any CPU.Build.0 = Release|Any CPU
	EndGlobalSection
	GlobalSection(SolutionProperties) = preSolution
		HideSolutionNode = FALSE
	EndGlobalSection
	GlobalSection(ExtensibilityGlobals) = postSolution
		SolutionGuid = {7F4DF405-6B72-4AE1-B30E-8AFD383E90B7}
	EndGlobalSection
EndGlobal
